
Microsoft Visual Studio Solution File, Format Version 12.00
# Visual Studio Version 17
VisualStudioVersion = 17.9.34714.143
MinimumVisualStudioVersion = 10.0.40219.1
Project("{FAE04EC0-301F-11D3-BF4B-00C04F79EFBC}") = "etude-csharp-winforms-1", "etude-csharp-winforms-1\etude-csharp-winforms-1.csproj", "{BBA196B1-E74F-4613-A0CD-0527141287C3}"
EndProject
Global
	GlobalSection(SolutionConfigurationPlatforms) = preSolution
		Debug|Any CPU = Debug|Any CPU
		Release|Any CPU = Release|Any CPU
	EndGlobalSection
	GlobalSection(ProjectConfigurationPlatforms) = postSolution
		{BBA196B1-E74F-4613-A0CD-0527141287C3}.Debug|Any CPU.ActiveCfg = Debug|Any CPU
		{BBA196B1-E74F-4613-A0CD-0527141287C3}.Debug|Any CPU.Build.0 = Debug|Any CPU
		{BBA196B1-E74F-4613-A0CD-0527141287C3}.Release|Any CPU.ActiveCfg = Release|Any CPU
		{BBA196B1-E74F-4613-A0CD-0527141287C3}.Release|Any CPU.Build.0 = Release|Any CPU
	EndGlobalSection
	GlobalSection(SolutionProperties) = preSolution
		HideSolutionNode = FALSE
	EndGlobalSection
	GlobalSection(ExtensibilityGlobals) = postSolution
		SolutionGuid = {615051F1-D623-4BBB-B3D4-151C7447E001}
	EndGlobalSection
EndGlobal
